{
  "name": "reusable-form-data",
  "version": "1.0.0",
  "lockfileVersion": 3,
  "requires": true,
  "packages": {
    "": {
      "name": "reusable-form-data",
      "version": "1.0.0",
      "license": "ISC",
      "devDependencies": {
        "@types/jquery": "^3.5.27",
        "@types/jqueryui": "^1.12.20"
      }
    },
    "node_modules/@types/jquery": {
      "version": "3.5.27",
      "resolved": "https://registry.npmjs.org/@types/jquery/-/jquery-3.5.27.tgz",
      "integrity": "sha512-TR28Y8ezIGgfyA02UOh9x+Fy16/1qWYAnvtRd2gTBJuccX/vmddyti0MezLkTv7f+OLofVc2T961VPyKv1tXJQ==",
      "dev": true,
      "dependencies": {
        "@types/sizzle": "*"
      }
    },
    "node_modules/@types/jqueryui": {
      "version": "1.12.20",
      "resolved": "https://registry.npmjs.org/@types/jqueryui/-/jqueryui-1.12.20.tgz",
      "integrity": "sha512-kHjvlPOHy+8+3SBYFA4g+n144SBZ/RFEq6oYr5w1I7PfrrGJ3RXNc13UlGA2ohkx2EjGD93QB97or63IJWB+Lw==",
      "dev": true,
      "dependencies": {
        "@types/jquery": "*"
      }
    },
    "node_modules/@types/sizzle": {
      "version": "2.3.6",
      "resolved": "https://registry.npmjs.org/@types/sizzle/-/sizzle-2.3.6.tgz",
      "integrity": "sha512-m04Om5Gz6kbjUwAQ7XJJQ30OdEFsSmAVsvn4NYwcTRyMVpKKa1aPuESw1n2CxS5fYkOQv3nHgDKeNa8e76fUkw==",
      "dev": true
    }
  }
}
